Microsoft Visual Studio Solution File, Format Version 12.00
# Visual Studio 2012
Project("{FAE04EC0-301F-11D3-BF4B-00C04F79EFBC}") = "WitCup10", "WitCup10.csproj", "{FBBDD67A-CE4D-43A5-ADA5-E2BE47AA2BB0}"
EndProject
Global
	GlobalSection(SolutionConfigurationPlatforms) = preSolution
	Debug|Any CPU = Debug|Any CPU
	ExportDebug|Any CPU = ExportDebug|Any CPU
	ExportRelease|Any CPU = ExportRelease|Any CPU
	EndGlobalSection
	GlobalSection(ProjectConfigurationPlatforms) = postSolution
		{FBBDD67A-CE4D-43A5-ADA5-E2BE47AA2BB0}.Debug|Any CPU.ActiveCfg = Debug|Any CPU
		{FBBDD67A-CE4D-43A5-ADA5-E2BE47AA2BB0}.Debug|Any CPU.Build.0 = Debug|Any CPU
		{FBBDD67A-CE4D-43A5-ADA5-E2BE47AA2BB0}.ExportDebug|Any CPU.ActiveCfg = ExportDebug|Any CPU
		{FBBDD67A-CE4D-43A5-ADA5-E2BE47AA2BB0}.ExportDebug|Any CPU.Build.0 = ExportDebug|Any CPU
		{FBBDD67A-CE4D-43A5-ADA5-E2BE47AA2BB0}.ExportRelease|Any CPU.ActiveCfg = ExportRelease|Any CPU
		{FBBDD67A-CE4D-43A5-ADA5-E2BE47AA2BB0}.ExportRelease|Any CPU.Build.0 = ExportRelease|Any CPU
	EndGlobalSection
EndGlobal
